
Microsoft Visual Studio Solution File, Format Version 11.00
# Visual Studio 2010
Project("{8BC9CEB8-8B4A-11D0-8D11-00A0C91BC942}") = "unittest", "exercises\exercises.vcxproj", "{C1868F4D-FFA2-406B-8C92-283110047C58}"
EndProject
Project("{8BC9CEB8-8B4A-11D0-8D11-00A0C91BC942}") = "AssignmentOperator", "AssignmentOperator\AssignmentOperator.vcxproj", "{0CDEC615-AACE-4C22-958D-F51880544ECA}"
EndProject
Global
	GlobalSection(SolutionConfigurationPlatforms) = preSolution
		Debug|Win32 = Debug|Win32
		Release|Win32 = Release|Win32
	EndGlobalSection
	GlobalSection(ProjectConfigurationPlatforms) = postSolution
		{C1868F4D-FFA2-406B-8C92-283110047C58}.Debug|Win32.ActiveCfg = Debug|Win32
		{C1868F4D-FFA2-406B-8C92-283110047C58}.Debug|Win32.Build.0 = Debug|Win32
		{C1868F4D-FFA2-406B-8C92-283110047C58}.Release|Win32.ActiveCfg = Release|Win32
		{C1868F4D-FFA2-406B-8C92-283110047C58}.Release|Win32.Build.0 = Release|Win32
		{0CDEC615-AACE-4C22-958D-F51880544ECA}.Debug|Win32.ActiveCfg = Debug|Win32
		{0CDEC615-AACE-4C22-958D-F51880544ECA}.Debug|Win32.Build.0 = Debug|Win32
		{0CDEC615-AACE-4C22-958D-F51880544ECA}.Release|Win32.ActiveCfg = Release|Win32
		{0CDEC615-AACE-4C22-958D-F51880544ECA}.Release|Win32.Build.0 = Release|Win32
	EndGlobalSection
	GlobalSection(SolutionProperties) = preSolution
		HideSolutionNode = FALSE
	EndGlobalSection
EndGlobal
